// !$*UTF8*$!
{
	archiveVersion = 1;
	classes = {
	};
	objectVersion = 48;
	objects = {

/* Begin PBXBuildFile section */
		7921534B1FD3224E008C604B /* AppDelegate.swift in Sources */ = {isa = PBXBuildFile; fileRef = 7921534A1FD3224E008C604B /* AppDelegate.swift */; };
		7921534D1FD3224E008C604B /* ViewController.swift in Sources */ = {isa = PBXBuildFile; fileRef = 7921534C1FD3224E008C604B /* ViewController.swift */; };
		792153501FD3224E008C604B /* Main.storyboard in Resources */ = {isa = PBXBuildFile; fileRef = 7921534E1FD3224E008C604B /* Main.storyboard */; };
		792153521FD3224E008C604B /* Assets.xcassets in Resources */ = {isa = PBXBuildFile; fileRef = 792153511FD3224E008C604B /* Assets.xcassets */; };
		792153551FD3224E008C604B /* LaunchScreen.storyboard in Resources */ = {isa = PBXBuildFile; fileRef = 792153531FD3224E008C604B /* LaunchScreen.storyboard */; };
		792153601FD3224E008C604B /* hotDogTests.swift in Sources */ = {isa = PBXBuildFile; fileRef = 7921535F1FD3224E008C604B /* hotDogTests.swift */; };
		7921536B1FD3224F008C604B /* hotDogUITests.swift in Sources */ = {isa = PBXBuildFile; fileRef = 7921536A1FD3224F008C604B /* hotDogUITests.swift */; };
		7921537A1FD331DE008C604B /* game.swift in Sources */ = {isa = PBXBuildFile; fileRef = 792153781FD32560008C604B /* game.swift */; };
		7921537C1FD343C7008C604B /* standUI.swift in Sources */ = {isa = PBXBuildFile; fileRef = 7921537B1FD343C7008C604B /* standUI.swift */; };
		7921537E1FD35F0B008C604B /* endDayUI.swift in Sources */ = {isa = PBXBuildFile; fileRef = 7921537D1FD35F0B008C604B /* endDayUI.swift */; };
/* End PBXBuildFile section */

/* Begin PBXContainerItemProxy section */
		7921535C1FD3224E008C604B /* PBXContainerItemProxy */ = {
			isa = PBXContainerItemProxy;
			containerPortal = 7921533F1FD3224E008C604B /* Project object */;
			proxyType = 1;
			remoteGlobalIDString = 792153461FD3224E008C604B;
			remoteInfo = hotDog;
		};
		792153671FD3224F008C604B /* PBXContainerItemProxy */ = {
			isa = PBXContainerItemProxy;
			containerPortal = 7921533F1FD3224E008C604B /* Project object */;
			proxyType = 1;
			remoteGlobalIDString = 792153461FD3224E008C604B;
			remoteInfo = hotDog;
		};
/* End PBXContainerItemProxy section */

/* Begin PBXFileReference section */
		792153471FD3224E008C604B /* hotDog.app */ = {isa = PBXFileReference; explicitFileType = wrapper.application; includeInIndex = 0; path = hotDog.app; sourceTree = BUILT_PRODUCTS_DIR; };
		7921534A1FD3224E008C604B /* AppDelegate.swift */ = {isa = PBXFileReference; lastKnownFileType = sourcecode.swift; path = AppDelegate.swift; sourceTree = "<group>"; };
		7921534C1FD3224E008C604B /* ViewController.swift */ = {isa = PBXFileReference; lastKnownFileType = sourcecode.swift; path = ViewController.swift; sourceTree = "<group>"; };
		7921534F1FD3224E008C604B /* Base */ = {isa = PBXFileReference; lastKnownFileType = file.storyboard; name = Base; path = Base.lproj/Main.storyboard; sourceTree = "<group>"; };
		792153511FD3224E008C604B /* Assets.xcassets */ = {isa = PBXFileReference; lastKnownFileType = folder.assetcatalog; path = Assets.xcassets; sourceTree = "<group>"; };
		792153541FD3224E008C604B /* Base */ = {isa = PBXFileReference; lastKnownFileType = file.storyboard; name = Base; path = Base.lproj/LaunchScreen.storyboard; sourceTree = "<group>"; };
		792153561FD3224E008C604B /* Info.plist */ = {isa = PBXFileReference; lastKnownFileType = text.plist.xml; path = Info.plist; sourceTree = "<group>"; };
		7921535B1FD3224E008C604B /* hotDogTests.xctest */ = {isa = PBXFileReference; explicitFileType = wrapper.cfbundle; includeInIndex = 0; path = hotDogTests.xctest; sourceTree = BUILT_PRODUCTS_DIR; };
		7921535F1FD3224E008C604B /* hotDogTests.swift */ = {isa = PBXFileReference; lastKnownFileType = sourcecode.swift; path = hotDogTests.swift; sourceTree = "<group>"; };
		792153611FD3224F008C604B /* Info.plist */ = {isa = PBXFileReference; lastKnownFileType = text.plist.xml; path = Info.plist; sourceTree = "<group>"; };
		792153661FD3224F008C604B /* hotDogUITests.xctest */ = {isa = PBXFileReference; explicitFileType = wrapper.cfbundle; includeInIndex = 0; path = hotDogUITests.xctest; sourceTree = BUILT_PRODUCTS_DIR; };
		7921536A1FD3224F008C604B /* hotDogUITests.swift */ = {isa = PBXFileReference; lastKnownFileType = sourcecode.swift; path = hotDogUITests.swift; sourceTree = "<group>"; };
		7921536C1FD3224F008C604B /* Info.plist */ = {isa = PBXFileReference; lastKnownFileType = text.plist.xml; path = Info.plist; sourceTree = "<group>"; };
		792153781FD32560008C604B /* game.swift */ = {isa = PBXFileReference; lastKnownFileType = sourcecode.swift; name = game.swift; path = hotDog/game.swift; sourceTree = SOURCE_ROOT; };
		7921537B1FD343C7008C604B /* standUI.swift */ = {isa = PBXFileReference; lastKnownFileType = sourcecode.swift; path = standUI.swift; sourceTree = "<group>"; };
		7921537D1FD35F0B008C604B /* endDayUI.swift */ = {isa = PBXFileReference; lastKnownFileType = sourcecode.swift; path = endDayUI.swift; sourceTree = "<group>"; };
/* End PBXFileReference section */

/* Begin PBXFrameworksBuildPhase section */
		792153441FD3224E008C604B /* Frameworks */ = {
			isa = PBXFrameworksBuildPhase;
			buildActionMask = 2147483647;
			files = (
			);
			runOnlyForDeploymentPostprocessing = 0;
		};
		792153581FD3224E008C604B /* Frameworks */ = {
			isa = PBXFrameworksBuildPhase;
			buildActionMask = 2147483647;
			files = (
			);
			runOnlyForDeploymentPostprocessing = 0;
		};
		792153631FD3224F008C604B /* Frameworks */ = {
			isa = PBXFrameworksBuildPhase;
			buildActionMask = 2147483647;
			files = (
			);
			runOnlyForDeploymentPostprocessing = 0;
		};
/* End PBXFrameworksBuildPhase section */

/* Begin PBXGroup section */
		7921533E1FD3224E008C604B = {
			isa = PBXGroup;
			children = (
				792153491FD3224E008C604B /* hotDog */,
				7921535E1FD3224E008C604B /* hotDogTests */,
				792153691FD3224F008C604B /* hotDogUITests */,
				792153481FD3224E008C604B /* Products */,
			);
			sourceTree = "<group>";
		};
		792153481FD3224E008C604B /* Products */ = {
			isa = PBXGroup;
			children = (
				792153471FD3224E008C604B /* hotDog.app */,
				7921535B1FD3224E008C604B /* hotDogTests.xctest */,
				792153661FD3224F008C604B /* hotDogUITests.xctest */,
			);
			name = Products;
			sourceTree = "<group>";
		};
		792153491FD3224E008C604B /* hotDog */ = {
			isa = PBXGroup;
			children = (
				792153781FD32560008C604B /* game.swift */,
				7921534A1FD3224E008C604B /* AppDelegate.swift */,
				7921534C1FD3224E008C604B /* ViewController.swift */,
				7921534E1FD3224E008C604B /* Main.storyboard */,
				7921537D1FD35F0B008C604B /* endDayUI.swift */,
				7921537B1FD343C7008C604B /* standUI.swift */,
				792153511FD3224E008C604B /* Assets.xcassets */,
				792153531FD3224E008C604B /* LaunchScreen.storyboard */,
				792153561FD3224E008C604B /* Info.plist */,
			);
			path = hotDog;
			sourceTree = "<group>";
		};
		7921535E1FD3224E008C604B /* hotDogTests */ = {
			isa = PBXGroup;
			children = (
				7921535F1FD3224E008C604B /* hotDogTests.swift */,
				792153611FD3224F008C604B /* Info.plist */,
			);
			path = hotDogTests;
			sourceTree = "<group>";
		};
		792153691FD3224F008C604B /* hotDogUITests */ = {
			isa = PBXGroup;
			children = (
				7921536A1FD3224F008C604B /* hotDogUITests.swift */,
				7921536C1FD3224F008C604B /* Info.plist */,
			);
			path = hotDogUITests;
			sourceTree = "<group>";
		};
/* End PBXGroup section */

/* Begin PBXNativeTarget section */
		792153461FD3224E008C604B /* hotDog */ = {
			isa = PBXNativeTarget;
			buildConfigurationList = 7921536F1FD3224F008C604B /* Build configuration list for PBXNativeTarget "hotDog" */;
			buildPhases = (
				792153431FD3224E008C604B /* Sources */,
				792153441FD3224E008C604B /* Frameworks */,
				792153451FD3224E008C604B /* Resources */,
			);
			buildRules = (
			);
			dependencies = (
			);
			name = hotDog;
			productName = hotDog;
			productReference = 792153471FD3224E008C604B /* hotDog.app */;
			productType = "com.apple.product-type.application";
		};
		7921535A1FD3224E008C604B /* hotDogTests */ = {
			isa = PBXNativeTarget;
			buildConfigurationList = 792153721FD3224F008C604B /* Build configuration list for PBXNativeTarget "hotDogTests" */;
			buildPhases = (
				792153571FD3224E008C604B /* Sources */,
				792153581FD3224E008C604B /* Frameworks */,
				792153591FD3224E008C604B /* Resources */,
			);
			buildRules = (
			);
			dependencies = (
				7921535D1FD3224E008C604B /* PBXTargetDependency */,
			);
			name = hotDogTests;
			productName = hotDogTests;
			productReference = 7921535B1FD3224E008C604B /* hotDogTests.xctest */;
			productType = "com.apple.product-type.bundle.unit-test";
		};
		792153651FD3224F008C604B /* hotDogUITests */ = {
			isa = PBXNativeTarget;
			buildConfigurationList = 792153751FD3224F008C604B /* Build configuration list for PBXNativeTarget "hotDogUITests" */;
			buildPhases = (
				792153621FD3224F008C604B /* Sources */,
				792153631FD3224F008C604B /* Frameworks */,
				792153641FD3224F008C604B /* Resources */,
			);
			buildRules = (
			);
			dependencies = (
				792153681FD3224F008C604B /* PBXTargetDependency */,
			);
			name = hotDogUITests;
			productName = hotDogUITests;
			productReference = 792153661FD3224F008C604B /* hotDogUITests.xctest */;
			productType = "com.apple.product-type.bundle.ui-testing";
		};
/* End PBXNativeTarget section */

/* Begin PBXProject section */
		7921533F1FD3224E008C604B /* Project object */ = {
			isa = PBXProject;
			attributes = {
				LastSwiftUpdateCheck = 0910;
				LastUpgradeCheck = 0910;
				ORGANIZATIONNAME = "james luo";
				TargetAttributes = {
					792153461FD3224E008C604B = {
						CreatedOnToolsVersion = 9.1;
						ProvisioningStyle = Automatic;
					};
					7921535A1FD3224E008C604B = {
						CreatedOnToolsVersion = 9.1;
						ProvisioningStyle = Automatic;
						TestTargetID = 792153461FD3224E008C604B;
					};
					792153651FD3224F008C604B = {
						CreatedOnToolsVersion = 9.1;
						ProvisioningStyle = Automatic;
						TestTargetID = 792153461FD3224E008C604B;
					};
				};
			};
			buildConfigurationList = 792153421FD3224E008C604B /* Build configuration list for PBXProject "hotDog" */;
			compatibilityVersion = "Xcode 8.0";
			developmentRegion = en;
			hasScannedForEncodings = 0;
			knownRegions = (
				en,
				Base,
			);
			mainGroup = 7921533E1FD3224E008C604B;
			productRefGroup = 792153481FD3224E008C604B /* Products */;
			projectDirPath = "";
			projectRoot = "";
			targets = (
				792153461FD3224E008C604B /* hotDog */,
				7921535A1FD3224E008C604B /* hotDogTests */,
				792153651FD3224F008C604B /* hotDogUITests */,
			);
		};
/* End PBXProject section */

/* Begin PBXResourcesBuildPhase section */
		792153451FD3224E008C604B /* Resources */ = {
			isa = PBXResourcesBuildPhase;
			buildActionMask = 2147483647;
			files = (
				792153551FD3224E008C604B /* LaunchScreen.storyboard in Resources */,
				792153521FD3224E008C604B /* Assets.xcassets in Resources */,
				792153501FD3224E008C604B /* Main.storyboard in Resources */,
			);
			runOnlyForDeploymentPostprocessing = 0;
		};
		792153591FD3224E008C604B /* Resources */ = {
			isa = PBXResourcesBuildPhase;
			buildActionMask = 2147483647;
			files = (
			);
			runOnlyForDeploymentPostprocessing = 0;
		};
		792153641FD3224F008C604B /* Resources */ = {
			isa = PBXResourcesBuildPhase;
			buildActionMask = 2147483647;
			files = (
			);
			runOnlyForDeploymentPostprocessing = 0;
		};
/* End PBXResourcesBuildPhase section */

/* Begin PBXSourcesBuildPhase section */
		792153431FD3224E008C604B /* Sources */ = {
			isa = PBXSourcesBuildPhase;
			buildActionMask = 2147483647;
			files = (
				7921537C1FD343C7008C604B /* standUI.swift in Sources */,
				7921537A1FD331DE008C604B /* game.swift in Sources */,
				7921537E1FD35F0B008C604B /* endDayUI.swift in Sources */,
				7921534D1FD3224E008C604B /* ViewController.swift in Sources */,
				7921534B1FD3224E008C604B /* AppDelegate.swift in Sources */,
			);
			runOnlyForDeploymentPostprocessing = 0;
		};
		792153571FD3224E008C604B /* Sources */ = {
			isa = PBXSourcesBuildPhase;
			buildActionMask = 2147483647;
			files = (
				792153601FD3224E008C604B /* hotDogTests.swift in Sources */,
			);
			runOnlyForDeploymentPostprocessing = 0;
		};
		792153621FD3224F008C604B /* Sources */ = {
			isa = PBXSourcesBuildPhase;
			buildActionMask = 2147483647;
			files = (
				7921536B1FD3224F008C604B /* hotDogUITests.swift in Sources */,
			);
			runOnlyForDeploymentPostprocessing = 0;
		};
/* End PBXSourcesBuildPhase section */

/* Begin PBXTargetDependency section */
		7921535D1FD3224E008C604B /* PBXTargetDependency */ = {
			isa = PBXTargetDependency;
			target = 792153461FD3224E008C604B /* hotDog */;
			targetProxy = 7921535C1FD3224E008C604B /* PBXContainerItemProxy */;
		};
		792153681FD3224F008C604B /* PBXTargetDependency */ = {
			isa = PBXTargetDependency;
			target = 792153461FD3224E008C604B /* hotDog */;
			targetProxy = 792153671FD3224F008C604B /* PBXContainerItemProxy */;
		};
/* End PBXTargetDependency section */

/* Begin PBXVariantGroup section */
		7921534E1FD3224E008C604B /* Main.storyboard */ = {
			isa = PBXVariantGroup;
			children = (
				7921534F1FD3224E008C604B /* Base */,
			);
			name = Main.storyboard;
			sourceTree = "<group>";
		};
		792153531FD3224E008C604B /* LaunchScreen.storyboard */ = {
			isa = PBXVariantGroup;
			children = (
				792153541FD3224E008C604B /* Base */,
			);
			name = LaunchScreen.storyboard;
			sourceTree = "<group>";
		};
/* End PBXVariantGroup section */

/* Begin XCBuildConfiguration section */
		7921536D1FD3224F008C604B /* Debug */ = {
			isa = XCBuildConfiguration;
			buildSettings = {
				ALWAYS_SEARCH_USER_PATHS = NO;
				CLANG_ANALYZER_NONNULL = YES;
				CLANG_ANALYZER_NUMBER_OBJECT_CONVERSION = YES_AGGRESSIVE;
				CLANG_CXX_LANGUAGE_STANDARD = "gnu++14";
				CLANG_CXX_LIBRARY = "libc++";
				CLANG_ENABLE_MODULES = YES;
				CLANG_ENABLE_OBJC_ARC = YES;
				CLANG_WARN_BLOCK_CAPTURE_AUTORELEASING = YES;
				CLANG_WARN_BOOL_CONVERSION = YES;
				CLANG_WARN_COMMA = YES;
				CLANG_WARN_CONSTANT_CONVERSION = YES;
				CLANG_WARN_DIRECT_OBJC_ISA_USAGE = YES_ERROR;
				CLANG_WARN_DOCUMENTATION_COMMENTS = YES;
				CLANG_WARN_EMPTY_BODY = YES;
				CLANG_WARN_ENUM_CONVERSION = YES;
				CLANG_WARN_INFINITE_RECURSION = YES;
				CLANG_WARN_INT_CONVERSION = YES;
				CLANG_WARN_NON_LITERAL_NULL_CONVERSION = YES;
				CLANG_WARN_OBJC_LITERAL_CONVERSION = YES;
				CLANG_WARN_OBJC_ROOT_CLASS = YES_ERROR;
				CLANG_WARN_RANGE_LOOP_ANALYSIS = YES;
				CLANG_WARN_STRICT_PROTOTYPES = YES;
				CLANG_WARN_SUSPICIOUS_MOVE = YES;
				CLANG_WARN_UNGUARDED_AVAILABILITY = YES_AGGRESSIVE;
				CLANG_WARN_UNREACHABLE_CODE = YES;
				CLANG_WARN__DUPLICATE_METHOD_MATCH = YES;
				CODE_SIGN_IDENTITY = "iPhone Developer";
				COPY_PHASE_STRIP = NO;
				DEBUG_INFORMATION_FORMAT = dwarf;
				ENABLE_STRICT_OBJC_MSGSEND = YES;
				ENABLE_TESTABILITY = YES;
				GCC_C_LANGUAGE_STANDARD = gnu11;
				GCC_DYNAMIC_NO_PIC = NO;
				GCC_NO_COMMON_BLOCKS = YES;
				GCC_OPTIMIZATION_LEVEL = 0;
				GCC_PREPROCESSOR_DEFINITIONS = (
					"DEBUG=1",
					"$(inherited)",
				);
				GCC_WARN_64_TO_32_BIT_CONVERSION = YES;
				GCC_WARN_ABOUT_RETURN_TYPE = YES_ERROR;
				GCC_WARN_UNDECLARED_SELECTOR = YES;
				GCC_WARN_UNINITIALIZED_AUTOS = YES_AGGRESSIVE;
				GCC_WARN_UNUSED_FUNCTION = YES;
				GCC_WARN_UNUSED_VARIABLE = YES;
				IPHONEOS_DEPLOYMENT_TARGET = 11.1;
				MTL_ENABLE_DEBUG_INFO = YES;
				ONLY_ACTIVE_ARCH = YES;
				SDKROOT = iphoneos;
				SWIFT_ACTIVE_COMPILATION_CONDITIONS = DEBUG;
				SWIFT_OPTIMIZATION_LEVEL = "-Onone";
			};
			name = Debug;
		};
		7921536E1FD3224F008C604B /* Release */ = {
			isa = XCBuildConfiguration;
			buildSettings = {
				ALWAYS_SEARCH_USER_PATHS = NO;
				CLANG_ANALYZER_NONNULL = YES;
				CLANG_ANALYZER_NUMBER_OBJECT_CONVERSION = YES_AGGRESSIVE;
				CLANG_CXX_LANGUAGE_STANDARD = "gnu++14";
				CLANG_CXX_LIBRARY = "libc++";
				CLANG_ENABLE_MODULES = YES;
				CLANG_ENABLE_OBJC_ARC = YES;
				CLANG_WARN_BLOCK_CAPTURE_AUTORELEASING = YES;
				CLANG_WARN_BOOL_CONVERSION = YES;
				CLANG_WARN_COMMA = YES;
				CLANG_WARN_CONSTANT_CONVERSION = YES;
				CLANG_WARN_DIRECT_OBJC_ISA_USAGE = YES_ERROR;
				CLANG_WARN_DOCUMENTATION_COMMENTS = YES;
				CLANG_WARN_EMPTY_BODY = YES;
				CLANG_WARN_ENUM_CONVERSION = YES;
				CLANG_WARN_INFINITE_RECURSION = YES;
				CLANG_WARN_INT_CONVERSION = YES;
				CLANG_WARN_NON_LITERAL_NULL_CONVERSION = YES;
				CLANG_WARN_OBJC_LITERAL_CONVERSION = YES;
				CLANG_WARN_OBJC_ROOT_CLASS = YES_ERROR;
				CLANG_WARN_RANGE_LOOP_ANALYSIS = YES;
				CLANG_WARN_STRICT_PROTOTYPES = YES;
				CLANG_WARN_SUSPICIOUS_MOVE = YES;
				CLANG_WARN_UNGUARDED_AVAILABILITY = YES_AGGRESSIVE;
				CLANG_WARN_UNREACHABLE_CODE = YES;
				CLANG_WARN__DUPLICATE_METHOD_MATCH = YES;
				CODE_SIGN_IDENTITY = "iPhone Developer";
				COPY_PHASE_STRIP = NO;
				DEBUG_INFORMATION_FORMAT = "dwarf-with-dsym";
				ENABLE_NS_ASSERTIONS = NO;
				ENABLE_STRICT_OBJC_MSGSEND = YES;
				GCC_C_LANGUAGE_STANDARD = gnu11;
				GCC_NO_COMMON_BLOCKS = YES;
				GCC_WARN_64_TO_32_BIT_CONVERSION = YES;
				GCC_WARN_ABOUT_RETURN_TYPE = YES_ERROR;
				GCC_WARN_UNDECLARED_SELECTOR = YES;
				GCC_WARN_UNINITIALIZED_AUTOS = YES_AGGRESSIVE;
				GCC_WARN_UNUSED_FUNCTION = YES;
				GCC_WARN_UNUSED_VARIABLE = YES;
				IPHONEOS_DEPLOYMENT_TARGET = 11.1;
				MTL_ENABLE_DEBUG_INFO = NO;
				SDKROOT = iphoneos;
				SWIFT_OPTIMIZATION_LEVEL = "-Owholemodule";
				VALIDATE_PRODUCT = YES;
			};
			name = Release;
		};
		792153701FD3224F008C604B /* Debug */ = {
			isa = XCBuildConfiguration;
			buildSettings = {
				ASSETCATALOG_COMPILER_APPICON_NAME = AppIcon;
				CODE_SIGN_STYLE = Automatic;
				DEVELOPMENT_TEAM = 8RS9W23TVG;
				INFOPLIST_FILE = hotDog/Info.plist;
				LD_RUNPATH_SEARCH_PATHS = "$(inherited) @executable_path/Frameworks";
				PRODUCT_BUNDLE_IDENTIFIER = jl.hotDog;
				PRODUCT_NAME = "$(TARGET_NAME)";
				SWIFT_VERSION = 4.0;
				TARGETED_DEVICE_FAMILY = "1,2";
			};
			name = Debug;
		};
		792153711FD3224F008C604B /* Release */ = {
			isa = XCBuildConfiguration;
			buildSettings = {
				ASSETCATALOG_COMPILER_APPICON_NAME = AppIcon;
				CODE_SIGN_STYLE = Automatic;
				DEVELOPMENT_TEAM = 8RS9W23TVG;
				INFOPLIST_FILE = hotDog/Info.plist;
				LD_RUNPATH_SEARCH_PATHS = "$(inherited) @executable_path/Frameworks";
				PRODUCT_BUNDLE_IDENTIFIER = jl.hotDog;
				PRODUCT_NAME = "$(TARGET_NAME)";
				SWIFT_VERSION = 4.0;
				TARGETED_DEVICE_FAMILY = "1,2";
			};
			name = Release;
		};
		792153731FD3224F008C604B /* Debug */ = {
			isa = XCBuildConfiguration;
			buildSettings = {
				ALWAYS_EMBED_SWIFT_STANDARD_LIBRARIES = YES;
				BUNDLE_LOADER = "$(TEST_HOST)";
				CODE_SIGN_STYLE = Automatic;
				DEVELOPMENT_TEAM = 8RS9W23TVG;
				INFOPLIST_FILE = hotDogTests/Info.plist;
				LD_RUNPATH_SEARCH_PATHS = "$(inherited) @executable_path/Frameworks @loader_path/Frameworks";
				PRODUCT_BUNDLE_IDENTIFIER = jl.hotDogTests;
				PRODUCT_NAME = "$(TARGET_NAME)";
				SWIFT_VERSION = 4.0;
				TARGETED_DEVICE_FAMILY = "1,2";
				TEST_HOST = "$(BUILT_PRODUCTS_DIR)/hotDog.app/hotDog";
			};
			name = Debug;
		};
		792153741FD3224F008C604B /* Release */ = {
			isa = XCBuildConfiguration;
			buildSettings = {
				ALWAYS_EMBED_SWIFT_STANDARD_LIBRARIES = YES;
				BUNDLE_LOADER = "$(TEST_HOST)";
				CODE_SIGN_STYLE = Automatic;
				DEVELOPMENT_TEAM = 8RS9W23TVG;
				INFOPLIST_FILE = hotDogTests/Info.plist;
				LD_RUNPATH_SEARCH_PATHS = "$(inherited) @executable_path/Frameworks @loader_path/Frameworks";
				PRODUCT_BUNDLE_IDENTIFIER = jl.hotDogTests;
				PRODUCT_NAME = "$(TARGET_NAME)";
				SWIFT_VERSION = 4.0;
				TARGETED_DEVICE_FAMILY = "1,2";
				TEST_HOST = "$(BUILT_PRODUCTS_DIR)/hotDog.app/hotDog";
			};
			name = Release;
		};
		792153761FD3224F008C604B /* Debug */ = {
			isa = XCBuildConfiguration;
			buildSettings = {
				ALWAYS_EMBED_SWIFT_STANDARD_LIBRARIES = YES;
				CODE_SIGN_STYLE = Automatic;
				DEVELOPMENT_TEAM = 8RS9W23TVG;
				INFOPLIST_FILE = hotDogUITests/Info.plist;
				LD_RUNPATH_SEARCH_PATHS = "$(inherited) @executable_path/Frameworks @loader_path/Frameworks";
				PRODUCT_BUNDLE_IDENTIFIER = jl.hotDogUITests;
				PRODUCT_NAME = "$(TARGET_NAME)";
				SWIFT_VERSION = 4.0;
				TARGETED_DEVICE_FAMILY = "1,2";
				TEST_TARGET_NAME = hotDog;
			};
			name = Debug;
		};
		792153771FD3224F008C604B /* Release */ = {
			isa = XCBuildConfiguration;
			buildSettings = {
				ALWAYS_EMBED_SWIFT_STANDARD_LIBRARIES = YES;
				CODE_SIGN_STYLE = Automatic;
				DEVELOPMENT_TEAM = 8RS9W23TVG;
				INFOPLIST_FILE = hotDogUITests/Info.plist;
				LD_RUNPATH_SEARCH_PATHS = "$(inherited) @executable_path/Frameworks @loader_path/Frameworks";
				PRODUCT_BUNDLE_IDENTIFIER = jl.hotDogUITests;
				PRODUCT_NAME = "$(TARGET_NAME)";
				SWIFT_VERSION = 4.0;
				TARGETED_DEVICE_FAMILY = "1,2";
				TEST_TARGET_NAME = hotDog;
			};
			name = Release;
		};
/* End XCBuildConfiguration section */

/* Begin XCConfigurationList section */
		792153421FD3224E008C604B /* Build configuration list for PBXProject "hotDog" */ = {
			isa = XCConfigurationList;
			buildConfigurations = (
				7921536D1FD3224F008C604B /* Debug */,
				7921536E1FD3224F008C604B /* Release */,
			);
			defaultConfigurationIsVisible = 0;
			defaultConfigurationName = Release;
		};
		7921536F1FD3224F008C604B /* Build configuration list for PBXNativeTarget "hotDog" */ = {
			isa = XCConfigurationList;
			buildConfigurations = (
				792153701FD3224F008C604B /* Debug */,
				792153711FD3224F008C604B /* Release */,
			);
			defaultConfigurationIsVisible = 0;
			defaultConfigurationName = Release;
		};
		792153721FD3224F008C604B /* Build configuration list for PBXNativeTarget "hotDogTests" */ = {
			isa = XCConfigurationList;
			buildConfigurations = (
				792153731FD3224F008C604B /* Debug */,
				792153741FD3224F008C604B /* Release */,
			);
			defaultConfigurationIsVisible = 0;
			defaultConfigurationName = Release;
		};
		792153751FD3224F008C604B /* Build configuration list for PBXNativeTarget "hotDogUITests" */ = {
			isa = XCConfigurationList;
			buildConfigurations = (
				792153761FD3224F008C604B /* Debug */,
				792153771FD3224F008C604B /* Release */,
			);
			defaultConfigurationIsVisible = 0;
			defaultConfigurationName = Release;
		};
/* End XCConfigurationList section */
	};
	rootObject = 7921533F1FD3224E008C604B /* Project object */;
}
